
Microsoft Visual Studio Solution File, Format Version 12.00
# Visual Studio Version 17
VisualStudioVersion = 17.4.33213.308
MinimumVisualStudioVersion = 10.0.40219.1
Project("{FAE04EC0-301F-11D3-BF4B-00C04F79EFBC}") = "TesteEstagioTargetSistemas", "TesteEstagioTargetSistemas\TesteEstagioTargetSistemas.csproj", "{0FD4BB2D-C012-4096-B7B3-E92157C18EF5}"
EndProject
Global
	GlobalSection(SolutionConfigurationPlatforms) = preSolution
		Debug|Any CPU = Debug|Any CPU
		Release|Any CPU = Release|Any CPU
	EndGlobalSection
	GlobalSection(ProjectConfigurationPlatforms) = postSolution
		{0FD4BB2D-C012-4096-B7B3-E92157C18EF5}.Debug|Any CPU.ActiveCfg = Debug|Any CPU
		{0FD4BB2D-C012-4096-B7B3-E92157C18EF5}.Debug|Any CPU.Build.0 = Debug|Any CPU
		{0FD4BB2D-C012-4096-B7B3-E92157C18EF5}.Release|Any CPU.ActiveCfg = Release|Any CPU
		{0FD4BB2D-C012-4096-B7B3-E92157C18EF5}.Release|Any CPU.Build.0 = Release|Any CPU
	EndGlobalSection
	GlobalSection(SolutionProperties) = preSolution
		HideSolutionNode = FALSE
	EndGlobalSection
	GlobalSection(ExtensibilityGlobals) = postSolution
		SolutionGuid = {3470F0CE-A380-4EC5-B5A8-844D3EEB55F2}
	EndGlobalSection
EndGlobal
